
Microsoft Visual Studio Solution File, Format Version 12.00
# Visual Studio Version 17
VisualStudioVersion = 17.4.33205.214
MinimumVisualStudioVersion = 10.0.40219.1
Project("{2150E333-8FDC-42A3-9474-1A3956D46DE8}") = "Data", "Data", "{7F9058E0-3202-4DA7-882B-A702643BC778}"
EndProject
Project("{2150E333-8FDC-42A3-9474-1A3956D46DE8}") = "Services", "Services", "{465E7BA6-7E1B-4D35-B78B-427E279B323D}"
EndProject
Project("{2150E333-8FDC-42A3-9474-1A3956D46DE8}") = "Shared", "Shared", "{F57E4F9D-89AE-43A9-ABD6-392E89261E2E}"
EndProject
Project("{2150E333-8FDC-42A3-9474-1A3956D46DE8}") = "Systems", "Systems", "{54A86DD3-1C05-4EB6-8AD4-ECD0603AAC5B}"
EndProject
Project("{2150E333-8FDC-42A3-9474-1A3956D46DE8}") = "Api", "Api", "{D54F6398-0CD5-4F58-959F-FEF37D867ED3}"
EndProject
Project("{9A19103F-16F7-4668-BE54-9A1E7A4F7556}") = "CarCatalog.Api", "Systems\Api\CarCatalog.Api\CarCatalog.Api.csproj", "{AACF1BC5-43CF-4A8C-A339-F9380AE90CCE}"
EndProject
Project("{9A19103F-16F7-4668-BE54-9A1E7A4F7556}") = "CarCatalog.Common", "Shared\CarCatalog.Common\CarCatalog.Common.csproj", "{64BC77CE-4D5C-429A-8E84-922BEAB5BEDC}"
EndProject
Project("{9A19103F-16F7-4668-BE54-9A1E7A4F7556}") = "CarCatalog.Settings", "Shared\CarCatalog.Settings\CarCatalog.Settings.csproj", "{DB8D6D2F-2AB5-4E72-BB65-04BC594375F1}"
EndProject
Project("{9A19103F-16F7-4668-BE54-9A1E7A4F7556}") = "CarCatalog.Services.Settings", "Services\CarCatalog.Services.Settings\CarCatalog.Services.Settings.csproj", "{55836920-A425-403A-BA2A-DF7980AE811F}"
EndProject
Project("{9A19103F-16F7-4668-BE54-9A1E7A4F7556}") = "CarCatalog.Api.Settings", "Systems\Api\CarCatalog.Api.Settings\CarCatalog.Api.Settings.csproj", "{F7D44F26-18F1-45F5-99D1-59BA570EFC46}"
EndProject
Project("{E53339B2-1760-4266-BCC7-CA923CBCF16C}") = "docker-compose", "docker-compose.dcproj", "{F8CE5D3E-5706-4FFF-A158-9382C48CEA84}"
EndProject
Project("{9A19103F-16F7-4668-BE54-9A1E7A4F7556}") = "CarCatalog.Context", "Data\CarCatalog.Context\CarCatalog.Context.csproj", "{E41F3291-7344-41C6-B73C-EEF6F823D8DE}"
EndProject
Project("{9A19103F-16F7-4668-BE54-9A1E7A4F7556}") = "CarCatalog.Context.Entities", "Data\CarCatalog.Context.Entities\CarCatalog.Context.Entities.csproj", "{CAE91E79-9DAE-42FD-B7F4-55C043DB216A}"
EndProject
Project("{2150E333-8FDC-42A3-9474-1A3956D46DE8}") = "Migrations", "Migrations", "{0AEA9181-9B52-43A7-BFD7-0E5F0923E1E7}"
EndProject
Project("{9A19103F-16F7-4668-BE54-9A1E7A4F7556}") = "CarCatalog.Context.MigrationsPostgreSQL", "Data\Migrations\CarCatalog.Context.MigrationsPostgreSQL\CarCatalog.Context.MigrationsPostgreSQL.csproj", "{9C2B61E0-F2A1-455F-B388-4E0DAD74F5C2}"
EndProject
Project("{9A19103F-16F7-4668-BE54-9A1E7A4F7556}") = "CarCatalog.Services.Country", "Services\CarCatalog.Services.Country\CarCatalog.Services.Country.csproj", "{77C320C2-1DB7-462E-A855-EBA590CD07BC}"
EndProject
Project("{9A19103F-16F7-4668-BE54-9A1E7A4F7556}") = "CarCatalog.Services.CarDriveType", "Services\CarCatalog.Services.CarDriveType\CarCatalog.Services.CarDriveType.csproj", "{849F19D8-74B5-41B9-A3B9-687FEA97EB43}"
EndProject
Project("{9A19103F-16F7-4668-BE54-9A1E7A4F7556}") = "CarCatalog.Services.CarBodyType", "Services\CarCatalog.Services.CarBodyType\CarCatalog.Services.CarBodyType.csproj", "{0BF0CE1E-1A51-4AE7-A41C-915251B37455}"
EndProject
Project("{9A19103F-16F7-4668-BE54-9A1E7A4F7556}") = "CarCatalog.Services.CarEngineType", "Services\CarCatalog.Services.CarEngineType\CarCatalog.Services.CarEngineType.csproj", "{21FFFAF4-E49A-42FF-AC35-87FD737FEB66}"
EndProject
Project("{9A19103F-16F7-4668-BE54-9A1E7A4F7556}") = "CarCatalog.Services.CarConfiguration", "Services\CarCatalog.Services.CarConfiguration\CarCatalog.Services.CarConfiguration.csproj", "{9373A476-8ACF-4116-A1A6-77851452CDD5}"
EndProject
Project("{9A19103F-16F7-4668-BE54-9A1E7A4F7556}") = "CarCatalog.Services.CarForSale", "Services\CarCatalog.Services.CarForSale\CarCatalog.Services.CarForSale.csproj", "{142191DF-B4F1-423F-85CE-2C92EFC72FC5}"
EndProject
Project("{9A19103F-16F7-4668-BE54-9A1E7A4F7556}") = "CarCatalog.Services.CarGeneration", "Services\CarCatalog.Services.CarGeneration\CarCatalog.Services.CarGeneration.csproj", "{72A89D66-F7B5-41C1-94BF-65F56D816E84}"
EndProject
Project("{9A19103F-16F7-4668-BE54-9A1E7A4F7556}") = "CarCatalog.Services.CarMark", "Services\CarCatalog.Services.CarMark\CarCatalog.Services.CarMark.csproj", "{2828A1E9-1DD1-4017-B5C6-8EEEC9593656}"
EndProject
Project("{9A19103F-16F7-4668-BE54-9A1E7A4F7556}") = "CarCatalog.Services.CarModel", "Services\CarCatalog.Services.CarModel\CarCatalog.Services.CarModel.csproj", "{4F302EFB-9E42-4BC0-B42E-E0E571D6A742}"
EndProject
Project("{9A19103F-16F7-4668-BE54-9A1E7A4F7556}") = "CarCatalog.Services.CarTransmission", "Services\CarCatalog.Services.CarTransmission\CarCatalog.Services.CarTransmission.csproj", "{21358673-3479-497D-B7F1-2BD137868B56}"
EndProject
Project("{9A19103F-16F7-4668-BE54-9A1E7A4F7556}") = "CarCatalog.Services.Comment", "Services\CarCatalog.Services.Comment\CarCatalog.Services.Comment.csproj", "{BFB3E20D-895B-4FDC-B095-6EEECC65B0D2}"
EndProject
Project("{2150E333-8FDC-42A3-9474-1A3956D46DE8}") = "Identity", "Identity", "{5551137E-B071-4D39-A2B6-84F609ADEC8D}"
EndProject
Project("{9A19103F-16F7-4668-BE54-9A1E7A4F7556}") = "CarCatalog.Identity", "Systems\Identity\CarCatalog.Identity\CarCatalog.Identity.csproj", "{CBB09A37-FCF3-4A37-8220-7904F46F985F}"
EndProject
Project("{9A19103F-16F7-4668-BE54-9A1E7A4F7556}") = "CarCatalog.Services.UserAccount", "Services\CarCatalog.Services.UserAccount\CarCatalog.Services.UserAccount.csproj", "{B83E64ED-1B02-4B73-992E-B3BBA64A296F}"
EndProject
Project("{9A19103F-16F7-4668-BE54-9A1E7A4F7556}") = "CarCatalog.Services.Cache", "Services\CarCatalog.Services.Cache\CarCatalog.Services.Cache.csproj", "{CDDDE1CC-6C23-48CF-AA4E-E9C59C36C193}"
EndProject
Project("{9A19103F-16F7-4668-BE54-9A1E7A4F7556}") = "CarCatalog.Services.RabbitMq", "Services\CarCatalog.Services.RabbitMq\CarCatalog.Services.RabbitMq.csproj", "{6500D13A-5C64-4238-8A23-B4611C210E2B}"
EndProject
Project("{9A19103F-16F7-4668-BE54-9A1E7A4F7556}") = "CarCatalog.Services.Actions", "Services\CarCatalog.Services.Actions\CarCatalog.Services.Actions.csproj", "{BCBE7A52-2E17-47C7-80FE-FDC3FA59796C}"
EndProject
Project("{9A19103F-16F7-4668-BE54-9A1E7A4F7556}") = "CarCatalog.Services.EmailSender", "Services\CarCatalog.Services.EmailSender\CarCatalog.Services.EmailSender.csproj", "{BDE8775B-0D7D-47F9-B258-D50F045CF0BB}"
EndProject
Project("{9A19103F-16F7-4668-BE54-9A1E7A4F7556}") = "CarCatalog.Consts", "Shared\CarCatalog.Consts\CarCatalog.Consts.csproj", "{EBA82292-4C00-4A96-889E-AD16DA1D9790}"
EndProject
Project("{2150E333-8FDC-42A3-9474-1A3956D46DE8}") = "Workers", "Workers", "{CC1E207A-494C-40B6-8D27-1E6061437185}"
EndProject
Project("{9A19103F-16F7-4668-BE54-9A1E7A4F7556}") = "CarCatalog.Worker", "Systems\Workers\CarCatalog.Worker\CarCatalog.Worker.csproj", "{38FDB609-CA26-4543-83CE-571A33AFB7BC}"
EndProject
Project("{2150E333-8FDC-42A3-9474-1A3956D46DE8}") = "Web", "Web", "{4463E3B6-3E64-4B3B-820C-C56B92840471}"
EndProject
Project("{9A19103F-16F7-4668-BE54-9A1E7A4F7556}") = "CarCatalog.Services.CarFilter", "Services\CarCatalog.Services.CarFilter\CarCatalog.Services.CarFilter.csproj", "{188EFD1D-2A3A-4756-B92E-6BA0490CD0EF}"
EndProject
Project("{9A19103F-16F7-4668-BE54-9A1E7A4F7556}") = "CarCatalog.Services.Favorite", "Services\CarCatalog.Services.Favorite\CarCatalog.Services.Favorite.csproj", "{3E232DDF-24BF-4B76-8772-A11C4D4D6257}"
EndProject
Project("{9A19103F-16F7-4668-BE54-9A1E7A4F7556}") = "CarCatalog.Web", "Systems\Web\CarCatalog.Web\CarCatalog.Web.csproj", "{DF54DFD1-AA7A-4BEF-A14E-EB23AD40BE4B}"
EndProject
Global
	GlobalSection(SolutionConfigurationPlatforms) = preSolution
		Debug|Any CPU = Debug|Any CPU
		Release|Any CPU = Release|Any CPU
	EndGlobalSection
	GlobalSection(ProjectConfigurationPlatforms) = postSolution
		{AACF1BC5-43CF-4A8C-A339-F9380AE90CCE}.Debug|Any CPU.ActiveCfg = Debug|Any CPU
		{AACF1BC5-43CF-4A8C-A339-F9380AE90CCE}.Debug|Any CPU.Build.0 = Debug|Any CPU
		{AACF1BC5-43CF-4A8C-A339-F9380AE90CCE}.Release|Any CPU.ActiveCfg = Release|Any CPU
		{AACF1BC5-43CF-4A8C-A339-F9380AE90CCE}.Release|Any CPU.Build.0 = Release|Any CPU
		{64BC77CE-4D5C-429A-8E84-922BEAB5BEDC}.Debug|Any CPU.ActiveCfg = Debug|Any CPU
		{64BC77CE-4D5C-429A-8E84-922BEAB5BEDC}.Debug|Any CPU.Build.0 = Debug|Any CPU
		{64BC77CE-4D5C-429A-8E84-922BEAB5BEDC}.Release|Any CPU.ActiveCfg = Release|Any CPU
		{64BC77CE-4D5C-429A-8E84-922BEAB5BEDC}.Release|Any CPU.Build.0 = Release|Any CPU
		{DB8D6D2F-2AB5-4E72-BB65-04BC594375F1}.Debug|Any CPU.ActiveCfg = Debug|Any CPU
		{DB8D6D2F-2AB5-4E72-BB65-04BC594375F1}.Debug|Any CPU.Build.0 = Debug|Any CPU
		{DB8D6D2F-2AB5-4E72-BB65-04BC594375F1}.Release|Any CPU.ActiveCfg = Release|Any CPU
		{DB8D6D2F-2AB5-4E72-BB65-04BC594375F1}.Release|Any CPU.Build.0 = Release|Any CPU
		{55836920-A425-403A-BA2A-DF7980AE811F}.Debug|Any CPU.ActiveCfg = Debug|Any CPU
		{55836920-A425-403A-BA2A-DF7980AE811F}.Debug|Any CPU.Build.0 = Debug|Any CPU
		{55836920-A425-403A-BA2A-DF7980AE811F}.Release|Any CPU.ActiveCfg = Release|Any CPU
		{55836920-A425-403A-BA2A-DF7980AE811F}.Release|Any CPU.Build.0 = Release|Any CPU
		{F7D44F26-18F1-45F5-99D1-59BA570EFC46}.Debug|Any CPU.ActiveCfg = Debug|Any CPU
		{F7D44F26-18F1-45F5-99D1-59BA570EFC46}.Debug|Any CPU.Build.0 = Debug|Any CPU
		{F7D44F26-18F1-45F5-99D1-59BA570EFC46}.Release|Any CPU.ActiveCfg = Release|Any CPU
		{F7D44F26-18F1-45F5-99D1-59BA570EFC46}.Release|Any CPU.Build.0 = Release|Any CPU
		{F8CE5D3E-5706-4FFF-A158-9382C48CEA84}.Debug|Any CPU.ActiveCfg = Debug|Any CPU
		{F8CE5D3E-5706-4FFF-A158-9382C48CEA84}.Debug|Any CPU.Build.0 = Debug|Any CPU
		{F8CE5D3E-5706-4FFF-A158-9382C48CEA84}.Release|Any CPU.ActiveCfg = Release|Any CPU
		{F8CE5D3E-5706-4FFF-A158-9382C48CEA84}.Release|Any CPU.Build.0 = Release|Any CPU
		{E41F3291-7344-41C6-B73C-EEF6F823D8DE}.Debug|Any CPU.ActiveCfg = Debug|Any CPU
		{E41F3291-7344-41C6-B73C-EEF6F823D8DE}.Debug|Any CPU.Build.0 = Debug|Any CPU
		{E41F3291-7344-41C6-B73C-EEF6F823D8DE}.Release|Any CPU.ActiveCfg = Release|Any CPU
		{E41F3291-7344-41C6-B73C-EEF6F823D8DE}.Release|Any CPU.Build.0 = Release|Any CPU
		{CAE91E79-9DAE-42FD-B7F4-55C043DB216A}.Debug|Any CPU.ActiveCfg = Debug|Any CPU
		{CAE91E79-9DAE-42FD-B7F4-55C043DB216A}.Debug|Any CPU.Build.0 = Debug|Any CPU
		{CAE91E79-9DAE-42FD-B7F4-55C043DB216A}.Release|Any CPU.ActiveCfg = Release|Any CPU
		{CAE91E79-9DAE-42FD-B7F4-55C043DB216A}.Release|Any CPU.Build.0 = Release|Any CPU
		{9C2B61E0-F2A1-455F-B388-4E0DAD74F5C2}.Debug|Any CPU.ActiveCfg = Debug|Any CPU
		{9C2B61E0-F2A1-455F-B388-4E0DAD74F5C2}.Debug|Any CPU.Build.0 = Debug|Any CPU
		{9C2B61E0-F2A1-455F-B388-4E0DAD74F5C2}.Release|Any CPU.ActiveCfg = Release|Any CPU
		{9C2B61E0-F2A1-455F-B388-4E0DAD74F5C2}.Release|Any CPU.Build.0 = Release|Any CPU
		{77C320C2-1DB7-462E-A855-EBA590CD07BC}.Debug|Any CPU.ActiveCfg = Debug|Any CPU
		{77C320C2-1DB7-462E-A855-EBA590CD07BC}.Debug|Any CPU.Build.0 = Debug|Any CPU
		{77C320C2-1DB7-462E-A855-EBA590CD07BC}.Release|Any CPU.ActiveCfg = Release|Any CPU
		{77C320C2-1DB7-462E-A855-EBA590CD07BC}.Release|Any CPU.Build.0 = Release|Any CPU
		{849F19D8-74B5-41B9-A3B9-687FEA97EB43}.Debug|Any CPU.ActiveCfg = Debug|Any CPU
		{849F19D8-74B5-41B9-A3B9-687FEA97EB43}.Debug|Any CPU.Build.0 = Debug|Any CPU
		{849F19D8-74B5-41B9-A3B9-687FEA97EB43}.Release|Any CPU.ActiveCfg = Release|Any CPU
		{849F19D8-74B5-41B9-A3B9-687FEA97EB43}.Release|Any CPU.Build.0 = Release|Any CPU
		{0BF0CE1E-1A51-4AE7-A41C-915251B37455}.Debug|Any CPU.ActiveCfg = Debug|Any CPU
		{0BF0CE1E-1A51-4AE7-A41C-915251B37455}.Debug|Any CPU.Build.0 = Debug|Any CPU
		{0BF0CE1E-1A51-4AE7-A41C-915251B37455}.Release|Any CPU.ActiveCfg = Release|Any CPU
		{0BF0CE1E-1A51-4AE7-A41C-915251B37455}.Release|Any CPU.Build.0 = Release|Any CPU
		{21FFFAF4-E49A-42FF-AC35-87FD737FEB66}.Debug|Any CPU.ActiveCfg = Debug|Any CPU
		{21FFFAF4-E49A-42FF-AC35-87FD737FEB66}.Debug|Any CPU.Build.0 = Debug|Any CPU
		{21FFFAF4-E49A-42FF-AC35-87FD737FEB66}.Release|Any CPU.ActiveCfg = Release|Any CPU
		{21FFFAF4-E49A-42FF-AC35-87FD737FEB66}.Release|Any CPU.Build.0 = Release|Any CPU
		{9373A476-8ACF-4116-A1A6-77851452CDD5}.Debug|Any CPU.ActiveCfg = Debug|Any CPU
		{9373A476-8ACF-4116-A1A6-77851452CDD5}.Debug|Any CPU.Build.0 = Debug|Any CPU
		{9373A476-8ACF-4116-A1A6-77851452CDD5}.Release|Any CPU.ActiveCfg = Release|Any CPU
		{9373A476-8ACF-4116-A1A6-77851452CDD5}.Release|Any CPU.Build.0 = Release|Any CPU
		{142191DF-B4F1-423F-85CE-2C92EFC72FC5}.Debug|Any CPU.ActiveCfg = Debug|Any CPU
		{142191DF-B4F1-423F-85CE-2C92EFC72FC5}.Debug|Any CPU.Build.0 = Debug|Any CPU
		{142191DF-B4F1-423F-85CE-2C92EFC72FC5}.Release|Any CPU.ActiveCfg = Release|Any CPU
		{142191DF-B4F1-423F-85CE-2C92EFC72FC5}.Release|Any CPU.Build.0 = Release|Any CPU
		{72A89D66-F7B5-41C1-94BF-65F56D816E84}.Debug|Any CPU.ActiveCfg = Debug|Any CPU
		{72A89D66-F7B5-41C1-94BF-65F56D816E84}.Debug|Any CPU.Build.0 = Debug|Any CPU
		{72A89D66-F7B5-41C1-94BF-65F56D816E84}.Release|Any CPU.ActiveCfg = Release|Any CPU
		{72A89D66-F7B5-41C1-94BF-65F56D816E84}.Release|Any CPU.Build.0 = Release|Any CPU
		{2828A1E9-1DD1-4017-B5C6-8EEEC9593656}.Debug|Any CPU.ActiveCfg = Debug|Any CPU
		{2828A1E9-1DD1-4017-B5C6-8EEEC9593656}.Debug|Any CPU.Build.0 = Debug|Any CPU
		{2828A1E9-1DD1-4017-B5C6-8EEEC9593656}.Release|Any CPU.ActiveCfg = Release|Any CPU
		{2828A1E9-1DD1-4017-B5C6-8EEEC9593656}.Release|Any CPU.Build.0 = Release|Any CPU
		{4F302EFB-9E42-4BC0-B42E-E0E571D6A742}.Debug|Any CPU.ActiveCfg = Debug|Any CPU
		{4F302EFB-9E42-4BC0-B42E-E0E571D6A742}.Debug|Any CPU.Build.0 = Debug|Any CPU
		{4F302EFB-9E42-4BC0-B42E-E0E571D6A742}.Release|Any CPU.ActiveCfg = Release|Any CPU
		{4F302EFB-9E42-4BC0-B42E-E0E571D6A742}.Release|Any CPU.Build.0 = Release|Any CPU
		{21358673-3479-497D-B7F1-2BD137868B56}.Debug|Any CPU.ActiveCfg = Debug|Any CPU
		{21358673-3479-497D-B7F1-2BD137868B56}.Debug|Any CPU.Build.0 = Debug|Any CPU
		{21358673-3479-497D-B7F1-2BD137868B56}.Release|Any CPU.ActiveCfg = Release|Any CPU
		{21358673-3479-497D-B7F1-2BD137868B56}.Release|Any CPU.Build.0 = Release|Any CPU
		{BFB3E20D-895B-4FDC-B095-6EEECC65B0D2}.Debug|Any CPU.ActiveCfg = Debug|Any CPU
		{BFB3E20D-895B-4FDC-B095-6EEECC65B0D2}.Debug|Any CPU.Build.0 = Debug|Any CPU
		{BFB3E20D-895B-4FDC-B095-6EEECC65B0D2}.Release|Any CPU.ActiveCfg = Release|Any CPU
		{BFB3E20D-895B-4FDC-B095-6EEECC65B0D2}.Release|Any CPU.Build.0 = Release|Any CPU
		{CBB09A37-FCF3-4A37-8220-7904F46F985F}.Debug|Any CPU.ActiveCfg = Debug|Any CPU
		{CBB09A37-FCF3-4A37-8220-7904F46F985F}.Debug|Any CPU.Build.0 = Debug|Any CPU
		{CBB09A37-FCF3-4A37-8220-7904F46F985F}.Release|Any CPU.ActiveCfg = Release|Any CPU
		{CBB09A37-FCF3-4A37-8220-7904F46F985F}.Release|Any CPU.Build.0 = Release|Any CPU
		{B83E64ED-1B02-4B73-992E-B3BBA64A296F}.Debug|Any CPU.ActiveCfg = Debug|Any CPU
		{B83E64ED-1B02-4B73-992E-B3BBA64A296F}.Debug|Any CPU.Build.0 = Debug|Any CPU
		{B83E64ED-1B02-4B73-992E-B3BBA64A296F}.Release|Any CPU.ActiveCfg = Release|Any CPU
		{B83E64ED-1B02-4B73-992E-B3BBA64A296F}.Release|Any CPU.Build.0 = Release|Any CPU
		{CDDDE1CC-6C23-48CF-AA4E-E9C59C36C193}.Debug|Any CPU.ActiveCfg = Debug|Any CPU
		{CDDDE1CC-6C23-48CF-AA4E-E9C59C36C193}.Debug|Any CPU.Build.0 = Debug|Any CPU
		{CDDDE1CC-6C23-48CF-AA4E-E9C59C36C193}.Release|Any CPU.ActiveCfg = Release|Any CPU
		{CDDDE1CC-6C23-48CF-AA4E-E9C59C36C193}.Release|Any CPU.Build.0 = Release|Any CPU
		{6500D13A-5C64-4238-8A23-B4611C210E2B}.Debug|Any CPU.ActiveCfg = Debug|Any CPU
		{6500D13A-5C64-4238-8A23-B4611C210E2B}.Debug|Any CPU.Build.0 = Debug|Any CPU
		{6500D13A-5C64-4238-8A23-B4611C210E2B}.Release|Any CPU.ActiveCfg = Release|Any CPU
		{6500D13A-5C64-4238-8A23-B4611C210E2B}.Release|Any CPU.Build.0 = Release|Any CPU
		{BCBE7A52-2E17-47C7-80FE-FDC3FA59796C}.Debug|Any CPU.ActiveCfg = Debug|Any CPU
		{BCBE7A52-2E17-47C7-80FE-FDC3FA59796C}.Debug|Any CPU.Build.0 = Debug|Any CPU
		{BCBE7A52-2E17-47C7-80FE-FDC3FA59796C}.Release|Any CPU.ActiveCfg = Release|Any CPU
		{BCBE7A52-2E17-47C7-80FE-FDC3FA59796C}.Release|Any CPU.Build.0 = Release|Any CPU
		{BDE8775B-0D7D-47F9-B258-D50F045CF0BB}.Debug|Any CPU.ActiveCfg = Debug|Any CPU
		{BDE8775B-0D7D-47F9-B258-D50F045CF0BB}.Debug|Any CPU.Build.0 = Debug|Any CPU
		{BDE8775B-0D7D-47F9-B258-D50F045CF0BB}.Release|Any CPU.ActiveCfg = Release|Any CPU
		{BDE8775B-0D7D-47F9-B258-D50F045CF0BB}.Release|Any CPU.Build.0 = Release|Any CPU
		{EBA82292-4C00-4A96-889E-AD16DA1D9790}.Debug|Any CPU.ActiveCfg = Debug|Any CPU
		{EBA82292-4C00-4A96-889E-AD16DA1D9790}.Debug|Any CPU.Build.0 = Debug|Any CPU
		{EBA82292-4C00-4A96-889E-AD16DA1D9790}.Release|Any CPU.ActiveCfg = Release|Any CPU
		{EBA82292-4C00-4A96-889E-AD16DA1D9790}.Release|Any CPU.Build.0 = Release|Any CPU
		{38FDB609-CA26-4543-83CE-571A33AFB7BC}.Debug|Any CPU.ActiveCfg = Debug|Any CPU
		{38FDB609-CA26-4543-83CE-571A33AFB7BC}.Debug|Any CPU.Build.0 = Debug|Any CPU
		{38FDB609-CA26-4543-83CE-571A33AFB7BC}.Release|Any CPU.ActiveCfg = Release|Any CPU
		{38FDB609-CA26-4543-83CE-571A33AFB7BC}.Release|Any CPU.Build.0 = Release|Any CPU
		{188EFD1D-2A3A-4756-B92E-6BA0490CD0EF}.Debug|Any CPU.ActiveCfg = Debug|Any CPU
		{188EFD1D-2A3A-4756-B92E-6BA0490CD0EF}.Debug|Any CPU.Build.0 = Debug|Any CPU
		{188EFD1D-2A3A-4756-B92E-6BA0490CD0EF}.Release|Any CPU.ActiveCfg = Release|Any CPU
		{188EFD1D-2A3A-4756-B92E-6BA0490CD0EF}.Release|Any CPU.Build.0 = Release|Any CPU
		{3E232DDF-24BF-4B76-8772-A11C4D4D6257}.Debug|Any CPU.ActiveCfg = Debug|Any CPU
		{3E232DDF-24BF-4B76-8772-A11C4D4D6257}.Debug|Any CPU.Build.0 = Debug|Any CPU
		{3E232DDF-24BF-4B76-8772-A11C4D4D6257}.Release|Any CPU.ActiveCfg = Release|Any CPU
		{3E232DDF-24BF-4B76-8772-A11C4D4D6257}.Release|Any CPU.Build.0 = Release|Any CPU
		{DF54DFD1-AA7A-4BEF-A14E-EB23AD40BE4B}.Debug|Any CPU.ActiveCfg = Debug|Any CPU
		{DF54DFD1-AA7A-4BEF-A14E-EB23AD40BE4B}.Debug|Any CPU.Build.0 = Debug|Any CPU
		{DF54DFD1-AA7A-4BEF-A14E-EB23AD40BE4B}.Release|Any CPU.ActiveCfg = Release|Any CPU
		{DF54DFD1-AA7A-4BEF-A14E-EB23AD40BE4B}.Release|Any CPU.Build.0 = Release|Any CPU
	EndGlobalSection
	GlobalSection(SolutionProperties) = preSolution
		HideSolutionNode = FALSE
	EndGlobalSection
	GlobalSection(NestedProjects) = preSolution
		{D54F6398-0CD5-4F58-959F-FEF37D867ED3} = {54A86DD3-1C05-4EB6-8AD4-ECD0603AAC5B}
		{AACF1BC5-43CF-4A8C-A339-F9380AE90CCE} = {D54F6398-0CD5-4F58-959F-FEF37D867ED3}
		{64BC77CE-4D5C-429A-8E84-922BEAB5BEDC} = {F57E4F9D-89AE-43A9-ABD6-392E89261E2E}
		{DB8D6D2F-2AB5-4E72-BB65-04BC594375F1} = {F57E4F9D-89AE-43A9-ABD6-392E89261E2E}
		{55836920-A425-403A-BA2A-DF7980AE811F} = {465E7BA6-7E1B-4D35-B78B-427E279B323D}
		{F7D44F26-18F1-45F5-99D1-59BA570EFC46} = {D54F6398-0CD5-4F58-959F-FEF37D867ED3}
		{E41F3291-7344-41C6-B73C-EEF6F823D8DE} = {7F9058E0-3202-4DA7-882B-A702643BC778}
		{CAE91E79-9DAE-42FD-B7F4-55C043DB216A} = {7F9058E0-3202-4DA7-882B-A702643BC778}
		{0AEA9181-9B52-43A7-BFD7-0E5F0923E1E7} = {7F9058E0-3202-4DA7-882B-A702643BC778}
		{9C2B61E0-F2A1-455F-B388-4E0DAD74F5C2} = {0AEA9181-9B52-43A7-BFD7-0E5F0923E1E7}
		{77C320C2-1DB7-462E-A855-EBA590CD07BC} = {465E7BA6-7E1B-4D35-B78B-427E279B323D}
		{849F19D8-74B5-41B9-A3B9-687FEA97EB43} = {465E7BA6-7E1B-4D35-B78B-427E279B323D}
		{0BF0CE1E-1A51-4AE7-A41C-915251B37455} = {465E7BA6-7E1B-4D35-B78B-427E279B323D}
		{21FFFAF4-E49A-42FF-AC35-87FD737FEB66} = {465E7BA6-7E1B-4D35-B78B-427E279B323D}
		{9373A476-8ACF-4116-A1A6-77851452CDD5} = {465E7BA6-7E1B-4D35-B78B-427E279B323D}
		{142191DF-B4F1-423F-85CE-2C92EFC72FC5} = {465E7BA6-7E1B-4D35-B78B-427E279B323D}
		{72A89D66-F7B5-41C1-94BF-65F56D816E84} = {465E7BA6-7E1B-4D35-B78B-427E279B323D}
		{2828A1E9-1DD1-4017-B5C6-8EEEC9593656} = {465E7BA6-7E1B-4D35-B78B-427E279B323D}
		{4F302EFB-9E42-4BC0-B42E-E0E571D6A742} = {465E7BA6-7E1B-4D35-B78B-427E279B323D}
		{21358673-3479-497D-B7F1-2BD137868B56} = {465E7BA6-7E1B-4D35-B78B-427E279B323D}
		{BFB3E20D-895B-4FDC-B095-6EEECC65B0D2} = {465E7BA6-7E1B-4D35-B78B-427E279B323D}
		{5551137E-B071-4D39-A2B6-84F609ADEC8D} = {54A86DD3-1C05-4EB6-8AD4-ECD0603AAC5B}
		{CBB09A37-FCF3-4A37-8220-7904F46F985F} = {5551137E-B071-4D39-A2B6-84F609ADEC8D}
		{B83E64ED-1B02-4B73-992E-B3BBA64A296F} = {465E7BA6-7E1B-4D35-B78B-427E279B323D}
		{CDDDE1CC-6C23-48CF-AA4E-E9C59C36C193} = {465E7BA6-7E1B-4D35-B78B-427E279B323D}
		{6500D13A-5C64-4238-8A23-B4611C210E2B} = {465E7BA6-7E1B-4D35-B78B-427E279B323D}
		{BCBE7A52-2E17-47C7-80FE-FDC3FA59796C} = {465E7BA6-7E1B-4D35-B78B-427E279B323D}
		{BDE8775B-0D7D-47F9-B258-D50F045CF0BB} = {465E7BA6-7E1B-4D35-B78B-427E279B323D}
		{EBA82292-4C00-4A96-889E-AD16DA1D9790} = {F57E4F9D-89AE-43A9-ABD6-392E89261E2E}
		{CC1E207A-494C-40B6-8D27-1E6061437185} = {54A86DD3-1C05-4EB6-8AD4-ECD0603AAC5B}
		{38FDB609-CA26-4543-83CE-571A33AFB7BC} = {CC1E207A-494C-40B6-8D27-1E6061437185}
		{4463E3B6-3E64-4B3B-820C-C56B92840471} = {54A86DD3-1C05-4EB6-8AD4-ECD0603AAC5B}
		{188EFD1D-2A3A-4756-B92E-6BA0490CD0EF} = {465E7BA6-7E1B-4D35-B78B-427E279B323D}
		{3E232DDF-24BF-4B76-8772-A11C4D4D6257} = {465E7BA6-7E1B-4D35-B78B-427E279B323D}
		{DF54DFD1-AA7A-4BEF-A14E-EB23AD40BE4B} = {4463E3B6-3E64-4B3B-820C-C56B92840471}
	EndGlobalSection
	GlobalSection(ExtensibilityGlobals) = postSolution
		SolutionGuid = {48E3F2FE-4236-4A16-A49B-35EF14A0F690}
	EndGlobalSection
EndGlobal
